
Microsoft Visual Studio Solution File, Format Version 12.00
# Visual Studio 15
VisualStudioVersion = 15.0.26124.0
MinimumVisualStudioVersion = 15.0.26124.0
Project("{FAE04EC0-301F-11D3-BF4B-00C04F79EFBC}") = "Collections1", "Collections1\Collections1.csproj", "{8BA20C07-9AAB-4B85-8B3E-4469052DA1CE}"
EndProject
Project("{FAE04EC0-301F-11D3-BF4B-00C04F79EFBC}") = "ListsProj", "ListsProj\ListsProj.csproj", "{6FF07187-7E5A-4F02-B9C0-EE3397039A94}"
EndProject
Project("{FAE04EC0-301F-11D3-BF4B-00C04F79EFBC}") = "ObjectsList", "ObjectsList\ObjectsList.csproj", "{9404C823-89A5-444B-AC4A-DE7C8C70B284}"
EndProject
Project("{FAE04EC0-301F-11D3-BF4B-00C04F79EFBC}") = "ReadOnlyLists", "ReadOnlyLists\ReadOnlyLists.csproj", "{393C2889-36C1-4B72-9C47-9B0B1DEA5E5A}"
EndProject
Project("{FAE04EC0-301F-11D3-BF4B-00C04F79EFBC}") = "ThePowerOfSets", "ThePowerOfSets\ThePowerOfSets.csproj", "{3855F9E4-8978-4EEB-ADB3-6A7F06FDCD1A}"
EndProject
Project("{FAE04EC0-301F-11D3-BF4B-00C04F79EFBC}") = "SetsOnModel", "SetsOnModel\SetsOnModel.csproj", "{F4ADC3C7-068F-4227-BF92-C51A68C8BE82}"
EndProject
Project("{FAE04EC0-301F-11D3-BF4B-00C04F79EFBC}") = "LinkedLists", "LinkedLists\LinkedLists.csproj", "{39502311-7D73-467F-B351-2F16E192FE94}"
EndProject
Project("{FAE04EC0-301F-11D3-BF4B-00C04F79EFBC}") = "Stack", "Stack\Stack.csproj", "{F38B1ECE-4BDD-4A93-BFEA-5AA987C8C1EE}"
EndProject
Project("{FAE04EC0-301F-11D3-BF4B-00C04F79EFBC}") = "Queue", "Queue\Queue.csproj", "{399D9DC3-D04D-43A9-ACF1-D13F47BDEA89}"
EndProject
Project("{FAE04EC0-301F-11D3-BF4B-00C04F79EFBC}") = "SortedList", "SortedList\SortedList.csproj", "{5039F9AF-6621-411A-B91B-BF8A1164F985}"
EndProject
Project("{FAE04EC0-301F-11D3-BF4B-00C04F79EFBC}") = "ArrayMultidimensional", "ArrayMultidimensional\ArrayMultidimensional.csproj", "{5321E5F0-79B3-4B60-9B0A-BB5B9BEE3521}"
EndProject
Project("{FAE04EC0-301F-11D3-BF4B-00C04F79EFBC}") = "ConsultandoCollections", "ConsultandoCollections\ConsultandoCollections.csproj", "{F79A433A-DC49-4786-BA0F-075014655275}"
EndProject
Project("{FAE04EC0-301F-11D3-BF4B-00C04F79EFBC}") = "ConvertendoEnumerando", "ConvertendoEnumerando\ConvertendoEnumerando.csproj", "{6016DA77-9982-4CBD-8325-64235BE3FF83}"
EndProject
Global
	GlobalSection(SolutionConfigurationPlatforms) = preSolution
		Debug|Any CPU = Debug|Any CPU
		Debug|x64 = Debug|x64
		Debug|x86 = Debug|x86
		Release|Any CPU = Release|Any CPU
		Release|x64 = Release|x64
		Release|x86 = Release|x86
	EndGlobalSection
	GlobalSection(SolutionProperties) = preSolution
		HideSolutionNode = FALSE
	EndGlobalSection
	GlobalSection(ProjectConfigurationPlatforms) = postSolution
		{8BA20C07-9AAB-4B85-8B3E-4469052DA1CE}.Debug|Any CPU.ActiveCfg = Debug|Any CPU
		{8BA20C07-9AAB-4B85-8B3E-4469052DA1CE}.Debug|Any CPU.Build.0 = Debug|Any CPU
		{8BA20C07-9AAB-4B85-8B3E-4469052DA1CE}.Debug|x64.ActiveCfg = Debug|Any CPU
		{8BA20C07-9AAB-4B85-8B3E-4469052DA1CE}.Debug|x64.Build.0 = Debug|Any CPU
		{8BA20C07-9AAB-4B85-8B3E-4469052DA1CE}.Debug|x86.ActiveCfg = Debug|Any CPU
		{8BA20C07-9AAB-4B85-8B3E-4469052DA1CE}.Debug|x86.Build.0 = Debug|Any CPU
		{8BA20C07-9AAB-4B85-8B3E-4469052DA1CE}.Release|Any CPU.ActiveCfg = Release|Any CPU
		{8BA20C07-9AAB-4B85-8B3E-4469052DA1CE}.Release|Any CPU.Build.0 = Release|Any CPU
		{8BA20C07-9AAB-4B85-8B3E-4469052DA1CE}.Release|x64.ActiveCfg = Release|Any CPU
		{8BA20C07-9AAB-4B85-8B3E-4469052DA1CE}.Release|x64.Build.0 = Release|Any CPU
		{8BA20C07-9AAB-4B85-8B3E-4469052DA1CE}.Release|x86.ActiveCfg = Release|Any CPU
		{8BA20C07-9AAB-4B85-8B3E-4469052DA1CE}.Release|x86.Build.0 = Release|Any CPU
		{6FF07187-7E5A-4F02-B9C0-EE3397039A94}.Debug|Any CPU.ActiveCfg = Debug|Any CPU
		{6FF07187-7E5A-4F02-B9C0-EE3397039A94}.Debug|Any CPU.Build.0 = Debug|Any CPU
		{6FF07187-7E5A-4F02-B9C0-EE3397039A94}.Debug|x64.ActiveCfg = Debug|Any CPU
		{6FF07187-7E5A-4F02-B9C0-EE3397039A94}.Debug|x64.Build.0 = Debug|Any CPU
		{6FF07187-7E5A-4F02-B9C0-EE3397039A94}.Debug|x86.ActiveCfg = Debug|Any CPU
		{6FF07187-7E5A-4F02-B9C0-EE3397039A94}.Debug|x86.Build.0 = Debug|Any CPU
		{6FF07187-7E5A-4F02-B9C0-EE3397039A94}.Release|Any CPU.ActiveCfg = Release|Any CPU
		{6FF07187-7E5A-4F02-B9C0-EE3397039A94}.Release|Any CPU.Build.0 = Release|Any CPU
		{6FF07187-7E5A-4F02-B9C0-EE3397039A94}.Release|x64.ActiveCfg = Release|Any CPU
		{6FF07187-7E5A-4F02-B9C0-EE3397039A94}.Release|x64.Build.0 = Release|Any CPU
		{6FF07187-7E5A-4F02-B9C0-EE3397039A94}.Release|x86.ActiveCfg = Release|Any CPU
		{6FF07187-7E5A-4F02-B9C0-EE3397039A94}.Release|x86.Build.0 = Release|Any CPU
		{9404C823-89A5-444B-AC4A-DE7C8C70B284}.Debug|Any CPU.ActiveCfg = Debug|Any CPU
		{9404C823-89A5-444B-AC4A-DE7C8C70B284}.Debug|Any CPU.Build.0 = Debug|Any CPU
		{9404C823-89A5-444B-AC4A-DE7C8C70B284}.Debug|x64.ActiveCfg = Debug|Any CPU
		{9404C823-89A5-444B-AC4A-DE7C8C70B284}.Debug|x64.Build.0 = Debug|Any CPU
		{9404C823-89A5-444B-AC4A-DE7C8C70B284}.Debug|x86.ActiveCfg = Debug|Any CPU
		{9404C823-89A5-444B-AC4A-DE7C8C70B284}.Debug|x86.Build.0 = Debug|Any CPU
		{9404C823-89A5-444B-AC4A-DE7C8C70B284}.Release|Any CPU.ActiveCfg = Release|Any CPU
		{9404C823-89A5-444B-AC4A-DE7C8C70B284}.Release|Any CPU.Build.0 = Release|Any CPU
		{9404C823-89A5-444B-AC4A-DE7C8C70B284}.Release|x64.ActiveCfg = Release|Any CPU
		{9404C823-89A5-444B-AC4A-DE7C8C70B284}.Release|x64.Build.0 = Release|Any CPU
		{9404C823-89A5-444B-AC4A-DE7C8C70B284}.Release|x86.ActiveCfg = Release|Any CPU
		{9404C823-89A5-444B-AC4A-DE7C8C70B284}.Release|x86.Build.0 = Release|Any CPU
		{393C2889-36C1-4B72-9C47-9B0B1DEA5E5A}.Debug|Any CPU.ActiveCfg = Debug|Any CPU
		{393C2889-36C1-4B72-9C47-9B0B1DEA5E5A}.Debug|Any CPU.Build.0 = Debug|Any CPU
		{393C2889-36C1-4B72-9C47-9B0B1DEA5E5A}.Debug|x64.ActiveCfg = Debug|Any CPU
		{393C2889-36C1-4B72-9C47-9B0B1DEA5E5A}.Debug|x64.Build.0 = Debug|Any CPU
		{393C2889-36C1-4B72-9C47-9B0B1DEA5E5A}.Debug|x86.ActiveCfg = Debug|Any CPU
		{393C2889-36C1-4B72-9C47-9B0B1DEA5E5A}.Debug|x86.Build.0 = Debug|Any CPU
		{393C2889-36C1-4B72-9C47-9B0B1DEA5E5A}.Release|Any CPU.ActiveCfg = Release|Any CPU
		{393C2889-36C1-4B72-9C47-9B0B1DEA5E5A}.Release|Any CPU.Build.0 = Release|Any CPU
		{393C2889-36C1-4B72-9C47-9B0B1DEA5E5A}.Release|x64.ActiveCfg = Release|Any CPU
		{393C2889-36C1-4B72-9C47-9B0B1DEA5E5A}.Release|x64.Build.0 = Release|Any CPU
		{393C2889-36C1-4B72-9C47-9B0B1DEA5E5A}.Release|x86.ActiveCfg = Release|Any CPU
		{393C2889-36C1-4B72-9C47-9B0B1DEA5E5A}.Release|x86.Build.0 = Release|Any CPU
		{3855F9E4-8978-4EEB-ADB3-6A7F06FDCD1A}.Debug|Any CPU.ActiveCfg = Debug|Any CPU
		{3855F9E4-8978-4EEB-ADB3-6A7F06FDCD1A}.Debug|Any CPU.Build.0 = Debug|Any CPU
		{3855F9E4-8978-4EEB-ADB3-6A7F06FDCD1A}.Debug|x64.ActiveCfg = Debug|Any CPU
		{3855F9E4-8978-4EEB-ADB3-6A7F06FDCD1A}.Debug|x64.Build.0 = Debug|Any CPU
		{3855F9E4-8978-4EEB-ADB3-6A7F06FDCD1A}.Debug|x86.ActiveCfg = Debug|Any CPU
		{3855F9E4-8978-4EEB-ADB3-6A7F06FDCD1A}.Debug|x86.Build.0 = Debug|Any CPU
		{3855F9E4-8978-4EEB-ADB3-6A7F06FDCD1A}.Release|Any CPU.ActiveCfg = Release|Any CPU
		{3855F9E4-8978-4EEB-ADB3-6A7F06FDCD1A}.Release|Any CPU.Build.0 = Release|Any CPU
		{3855F9E4-8978-4EEB-ADB3-6A7F06FDCD1A}.Release|x64.ActiveCfg = Release|Any CPU
		{3855F9E4-8978-4EEB-ADB3-6A7F06FDCD1A}.Release|x64.Build.0 = Release|Any CPU
		{3855F9E4-8978-4EEB-ADB3-6A7F06FDCD1A}.Release|x86.ActiveCfg = Release|Any CPU
		{3855F9E4-8978-4EEB-ADB3-6A7F06FDCD1A}.Release|x86.Build.0 = Release|Any CPU
		{F4ADC3C7-068F-4227-BF92-C51A68C8BE82}.Debug|Any CPU.ActiveCfg = Debug|Any CPU
		{F4ADC3C7-068F-4227-BF92-C51A68C8BE82}.Debug|Any CPU.Build.0 = Debug|Any CPU
		{F4ADC3C7-068F-4227-BF92-C51A68C8BE82}.Debug|x64.ActiveCfg = Debug|Any CPU
		{F4ADC3C7-068F-4227-BF92-C51A68C8BE82}.Debug|x64.Build.0 = Debug|Any CPU
		{F4ADC3C7-068F-4227-BF92-C51A68C8BE82}.Debug|x86.ActiveCfg = Debug|Any CPU
		{F4ADC3C7-068F-4227-BF92-C51A68C8BE82}.Debug|x86.Build.0 = Debug|Any CPU
		{F4ADC3C7-068F-4227-BF92-C51A68C8BE82}.Release|Any CPU.ActiveCfg = Release|Any CPU
		{F4ADC3C7-068F-4227-BF92-C51A68C8BE82}.Release|Any CPU.Build.0 = Release|Any CPU
		{F4ADC3C7-068F-4227-BF92-C51A68C8BE82}.Release|x64.ActiveCfg = Release|Any CPU
		{F4ADC3C7-068F-4227-BF92-C51A68C8BE82}.Release|x64.Build.0 = Release|Any CPU
		{F4ADC3C7-068F-4227-BF92-C51A68C8BE82}.Release|x86.ActiveCfg = Release|Any CPU
		{F4ADC3C7-068F-4227-BF92-C51A68C8BE82}.Release|x86.Build.0 = Release|Any CPU
		{39502311-7D73-467F-B351-2F16E192FE94}.Debug|Any CPU.ActiveCfg = Debug|Any CPU
		{39502311-7D73-467F-B351-2F16E192FE94}.Debug|Any CPU.Build.0 = Debug|Any CPU
		{39502311-7D73-467F-B351-2F16E192FE94}.Debug|x64.ActiveCfg = Debug|Any CPU
		{39502311-7D73-467F-B351-2F16E192FE94}.Debug|x64.Build.0 = Debug|Any CPU
		{39502311-7D73-467F-B351-2F16E192FE94}.Debug|x86.ActiveCfg = Debug|Any CPU
		{39502311-7D73-467F-B351-2F16E192FE94}.Debug|x86.Build.0 = Debug|Any CPU
		{39502311-7D73-467F-B351-2F16E192FE94}.Release|Any CPU.ActiveCfg = Release|Any CPU
		{39502311-7D73-467F-B351-2F16E192FE94}.Release|Any CPU.Build.0 = Release|Any CPU
		{39502311-7D73-467F-B351-2F16E192FE94}.Release|x64.ActiveCfg = Release|Any CPU
		{39502311-7D73-467F-B351-2F16E192FE94}.Release|x64.Build.0 = Release|Any CPU
		{39502311-7D73-467F-B351-2F16E192FE94}.Release|x86.ActiveCfg = Release|Any CPU
		{39502311-7D73-467F-B351-2F16E192FE94}.Release|x86.Build.0 = Release|Any CPU
		{F38B1ECE-4BDD-4A93-BFEA-5AA987C8C1EE}.Debug|Any CPU.ActiveCfg = Debug|Any CPU
		{F38B1ECE-4BDD-4A93-BFEA-5AA987C8C1EE}.Debug|Any CPU.Build.0 = Debug|Any CPU
		{F38B1ECE-4BDD-4A93-BFEA-5AA987C8C1EE}.Debug|x64.ActiveCfg = Debug|Any CPU
		{F38B1ECE-4BDD-4A93-BFEA-5AA987C8C1EE}.Debug|x64.Build.0 = Debug|Any CPU
		{F38B1ECE-4BDD-4A93-BFEA-5AA987C8C1EE}.Debug|x86.ActiveCfg = Debug|Any CPU
		{F38B1ECE-4BDD-4A93-BFEA-5AA987C8C1EE}.Debug|x86.Build.0 = Debug|Any CPU
		{F38B1ECE-4BDD-4A93-BFEA-5AA987C8C1EE}.Release|Any CPU.ActiveCfg = Release|Any CPU
		{F38B1ECE-4BDD-4A93-BFEA-5AA987C8C1EE}.Release|Any CPU.Build.0 = Release|Any CPU
		{F38B1ECE-4BDD-4A93-BFEA-5AA987C8C1EE}.Release|x64.ActiveCfg = Release|Any CPU
		{F38B1ECE-4BDD-4A93-BFEA-5AA987C8C1EE}.Release|x64.Build.0 = Release|Any CPU
		{F38B1ECE-4BDD-4A93-BFEA-5AA987C8C1EE}.Release|x86.ActiveCfg = Release|Any CPU
		{F38B1ECE-4BDD-4A93-BFEA-5AA987C8C1EE}.Release|x86.Build.0 = Release|Any CPU
		{399D9DC3-D04D-43A9-ACF1-D13F47BDEA89}.Debug|Any CPU.ActiveCfg = Debug|Any CPU
		{399D9DC3-D04D-43A9-ACF1-D13F47BDEA89}.Debug|Any CPU.Build.0 = Debug|Any CPU
		{399D9DC3-D04D-43A9-ACF1-D13F47BDEA89}.Debug|x64.ActiveCfg = Debug|Any CPU
		{399D9DC3-D04D-43A9-ACF1-D13F47BDEA89}.Debug|x64.Build.0 = Debug|Any CPU
		{399D9DC3-D04D-43A9-ACF1-D13F47BDEA89}.Debug|x86.ActiveCfg = Debug|Any CPU
		{399D9DC3-D04D-43A9-ACF1-D13F47BDEA89}.Debug|x86.Build.0 = Debug|Any CPU
		{399D9DC3-D04D-43A9-ACF1-D13F47BDEA89}.Release|Any CPU.ActiveCfg = Release|Any CPU
		{399D9DC3-D04D-43A9-ACF1-D13F47BDEA89}.Release|Any CPU.Build.0 = Release|Any CPU
		{399D9DC3-D04D-43A9-ACF1-D13F47BDEA89}.Release|x64.ActiveCfg = Release|Any CPU
		{399D9DC3-D04D-43A9-ACF1-D13F47BDEA89}.Release|x64.Build.0 = Release|Any CPU
		{399D9DC3-D04D-43A9-ACF1-D13F47BDEA89}.Release|x86.ActiveCfg = Release|Any CPU
		{399D9DC3-D04D-43A9-ACF1-D13F47BDEA89}.Release|x86.Build.0 = Release|Any CPU
		{5039F9AF-6621-411A-B91B-BF8A1164F985}.Debug|Any CPU.ActiveCfg = Debug|Any CPU
		{5039F9AF-6621-411A-B91B-BF8A1164F985}.Debug|Any CPU.Build.0 = Debug|Any CPU
		{5039F9AF-6621-411A-B91B-BF8A1164F985}.Debug|x64.ActiveCfg = Debug|Any CPU
		{5039F9AF-6621-411A-B91B-BF8A1164F985}.Debug|x64.Build.0 = Debug|Any CPU
		{5039F9AF-6621-411A-B91B-BF8A1164F985}.Debug|x86.ActiveCfg = Debug|Any CPU
		{5039F9AF-6621-411A-B91B-BF8A1164F985}.Debug|x86.Build.0 = Debug|Any CPU
		{5039F9AF-6621-411A-B91B-BF8A1164F985}.Release|Any CPU.ActiveCfg = Release|Any CPU
		{5039F9AF-6621-411A-B91B-BF8A1164F985}.Release|Any CPU.Build.0 = Release|Any CPU
		{5039F9AF-6621-411A-B91B-BF8A1164F985}.Release|x64.ActiveCfg = Release|Any CPU
		{5039F9AF-6621-411A-B91B-BF8A1164F985}.Release|x64.Build.0 = Release|Any CPU
		{5039F9AF-6621-411A-B91B-BF8A1164F985}.Release|x86.ActiveCfg = Release|Any CPU
		{5039F9AF-6621-411A-B91B-BF8A1164F985}.Release|x86.Build.0 = Release|Any CPU
		{5321E5F0-79B3-4B60-9B0A-BB5B9BEE3521}.Debug|Any CPU.ActiveCfg = Debug|Any CPU
		{5321E5F0-79B3-4B60-9B0A-BB5B9BEE3521}.Debug|Any CPU.Build.0 = Debug|Any CPU
		{5321E5F0-79B3-4B60-9B0A-BB5B9BEE3521}.Debug|x64.ActiveCfg = Debug|Any CPU
		{5321E5F0-79B3-4B60-9B0A-BB5B9BEE3521}.Debug|x64.Build.0 = Debug|Any CPU
		{5321E5F0-79B3-4B60-9B0A-BB5B9BEE3521}.Debug|x86.ActiveCfg = Debug|Any CPU
		{5321E5F0-79B3-4B60-9B0A-BB5B9BEE3521}.Debug|x86.Build.0 = Debug|Any CPU
		{5321E5F0-79B3-4B60-9B0A-BB5B9BEE3521}.Release|Any CPU.ActiveCfg = Release|Any CPU
		{5321E5F0-79B3-4B60-9B0A-BB5B9BEE3521}.Release|Any CPU.Build.0 = Release|Any CPU
		{5321E5F0-79B3-4B60-9B0A-BB5B9BEE3521}.Release|x64.ActiveCfg = Release|Any CPU
		{5321E5F0-79B3-4B60-9B0A-BB5B9BEE3521}.Release|x64.Build.0 = Release|Any CPU
		{5321E5F0-79B3-4B60-9B0A-BB5B9BEE3521}.Release|x86.ActiveCfg = Release|Any CPU
		{5321E5F0-79B3-4B60-9B0A-BB5B9BEE3521}.Release|x86.Build.0 = Release|Any CPU
		{F79A433A-DC49-4786-BA0F-075014655275}.Debug|Any CPU.ActiveCfg = Debug|Any CPU
		{F79A433A-DC49-4786-BA0F-075014655275}.Debug|Any CPU.Build.0 = Debug|Any CPU
		{F79A433A-DC49-4786-BA0F-075014655275}.Debug|x64.ActiveCfg = Debug|Any CPU
		{F79A433A-DC49-4786-BA0F-075014655275}.Debug|x64.Build.0 = Debug|Any CPU
		{F79A433A-DC49-4786-BA0F-075014655275}.Debug|x86.ActiveCfg = Debug|Any CPU
		{F79A433A-DC49-4786-BA0F-075014655275}.Debug|x86.Build.0 = Debug|Any CPU
		{F79A433A-DC49-4786-BA0F-075014655275}.Release|Any CPU.ActiveCfg = Release|Any CPU
		{F79A433A-DC49-4786-BA0F-075014655275}.Release|Any CPU.Build.0 = Release|Any CPU
		{F79A433A-DC49-4786-BA0F-075014655275}.Release|x64.ActiveCfg = Release|Any CPU
		{F79A433A-DC49-4786-BA0F-075014655275}.Release|x64.Build.0 = Release|Any CPU
		{F79A433A-DC49-4786-BA0F-075014655275}.Release|x86.ActiveCfg = Release|Any CPU
		{F79A433A-DC49-4786-BA0F-075014655275}.Release|x86.Build.0 = Release|Any CPU
		{6016DA77-9982-4CBD-8325-64235BE3FF83}.Debug|Any CPU.ActiveCfg = Debug|Any CPU
		{6016DA77-9982-4CBD-8325-64235BE3FF83}.Debug|Any CPU.Build.0 = Debug|Any CPU
		{6016DA77-9982-4CBD-8325-64235BE3FF83}.Debug|x64.ActiveCfg = Debug|Any CPU
		{6016DA77-9982-4CBD-8325-64235BE3FF83}.Debug|x64.Build.0 = Debug|Any CPU
		{6016DA77-9982-4CBD-8325-64235BE3FF83}.Debug|x86.ActiveCfg = Debug|Any CPU
		{6016DA77-9982-4CBD-8325-64235BE3FF83}.Debug|x86.Build.0 = Debug|Any CPU
		{6016DA77-9982-4CBD-8325-64235BE3FF83}.Release|Any CPU.ActiveCfg = Release|Any CPU
		{6016DA77-9982-4CBD-8325-64235BE3FF83}.Release|Any CPU.Build.0 = Release|Any CPU
		{6016DA77-9982-4CBD-8325-64235BE3FF83}.Release|x64.ActiveCfg = Release|Any CPU
		{6016DA77-9982-4CBD-8325-64235BE3FF83}.Release|x64.Build.0 = Release|Any CPU
		{6016DA77-9982-4CBD-8325-64235BE3FF83}.Release|x86.ActiveCfg = Release|Any CPU
		{6016DA77-9982-4CBD-8325-64235BE3FF83}.Release|x86.Build.0 = Release|Any CPU
	EndGlobalSection
EndGlobal
